
Microsoft Visual Studio Solution File, Format Version 12.00
# Visual Studio 14
VisualStudioVersion = 14.0.23107.0
MinimumVisualStudioVersion = 10.0.40219.1
Project("{FAE04EC0-301F-11D3-BF4B-00C04F79EFBC}") = "RocketLaunch.Droid", "RocketLaunch\RocketLaunch.Droid\RocketLaunch.Droid.csproj", "{B8169620-8741-481E-8244-6848AE8780F7}"
EndProject
Project("{FAE04EC0-301F-11D3-BF4B-00C04F79EFBC}") = "RocketLaunch.iOS", "RocketLaunch\RocketLaunch.iOS\RocketLaunch.iOS.csproj", "{0812FE0D-6575-45C3-A1FC-0C9E2F018E0A}"
EndProject
Project("{FAE04EC0-301F-11D3-BF4B-00C04F79EFBC}") = "RocketLaunch.WinPhone", "RocketLaunch\RocketLaunch.WinPhone\RocketLaunch.WinPhone.csproj", "{339C077C-5520-43D8-8D0C-72A677738D24}"
EndProject
Project("{D954291E-2A0B-460D-934E-DC6B0785DB48}") = "RocketLaunch", "RocketLaunch\RocketLaunch\RocketLaunch.shproj", "{E006EA84-2D1B-4289-AA88-8F075669BE0A}"
EndProject
Project("{FAE04EC0-301F-11D3-BF4B-00C04F79EFBC}") = "UITest", "UITest\UITest.csproj", "{4998A828-2FEC-4D26-91D6-A7737F90EDA7}"
EndProject
Global
	GlobalSection(SharedMSBuildProjectFiles) = preSolution
		RocketLaunch\RocketLaunch\RocketLaunch.projitems*{339c077c-5520-43d8-8d0c-72a677738d24}*SharedItemsImports = 4
		RocketLaunch\RocketLaunch\RocketLaunch.projitems*{e006ea84-2d1b-4289-aa88-8f075669be0a}*SharedItemsImports = 13
		RocketLaunch\RocketLaunch\RocketLaunch.projitems*{b8169620-8741-481e-8244-6848ae8780f7}*SharedItemsImports = 4
		RocketLaunch\RocketLaunch\RocketLaunch.projitems*{0812fe0d-6575-45c3-a1fc-0c9e2f018e0a}*SharedItemsImports = 4
	EndGlobalSection
	GlobalSection(SolutionConfigurationPlatforms) = preSolution
		Ad-Hoc|Any CPU = Ad-Hoc|Any CPU
		Ad-Hoc|ARM = Ad-Hoc|ARM
		Ad-Hoc|iPhone = Ad-Hoc|iPhone
		Ad-Hoc|iPhoneSimulator = Ad-Hoc|iPhoneSimulator
		Ad-Hoc|x86 = Ad-Hoc|x86
		AppStore|Any CPU = AppStore|Any CPU
		AppStore|ARM = AppStore|ARM
		AppStore|iPhone = AppStore|iPhone
		AppStore|iPhoneSimulator = AppStore|iPhoneSimulator
		AppStore|x86 = AppStore|x86
		Debug|Any CPU = Debug|Any CPU
		Debug|ARM = Debug|ARM
		Debug|iPhone = Debug|iPhone
		Debug|iPhoneSimulator = Debug|iPhoneSimulator
		Debug|x86 = Debug|x86
		Release|Any CPU = Release|Any CPU
		Release|ARM = Release|ARM
		Release|iPhone = Release|iPhone
		Release|iPhoneSimulator = Release|iPhoneSimulator
		Release|x86 = Release|x86
	EndGlobalSection
	GlobalSection(ProjectConfigurationPlatforms) = postSolution
		{B8169620-8741-481E-8244-6848AE8780F7}.Ad-Hoc|Any CPU.ActiveCfg = Release|Any CPU
		{B8169620-8741-481E-8244-6848AE8780F7}.Ad-Hoc|Any CPU.Build.0 = Release|Any CPU
		{B8169620-8741-481E-8244-6848AE8780F7}.Ad-Hoc|Any CPU.Deploy.0 = Release|Any CPU
		{B8169620-8741-481E-8244-6848AE8780F7}.Ad-Hoc|ARM.ActiveCfg = Release|Any CPU
		{B8169620-8741-481E-8244-6848AE8780F7}.Ad-Hoc|ARM.Build.0 = Release|Any CPU
		{B8169620-8741-481E-8244-6848AE8780F7}.Ad-Hoc|ARM.Deploy.0 = Release|Any CPU
		{B8169620-8741-481E-8244-6848AE8780F7}.Ad-Hoc|iPhone.ActiveCfg = Release|Any CPU
		{B8169620-8741-481E-8244-6848AE8780F7}.Ad-Hoc|iPhone.Build.0 = Release|Any CPU
		{B8169620-8741-481E-8244-6848AE8780F7}.Ad-Hoc|iPhone.Deploy.0 = Release|Any CPU
		{B8169620-8741-481E-8244-6848AE8780F7}.Ad-Hoc|iPhoneSimulator.ActiveCfg = Release|Any CPU
		{B8169620-8741-481E-8244-6848AE8780F7}.Ad-Hoc|iPhoneSimulator.Build.0 = Release|Any CPU
		{B8169620-8741-481E-8244-6848AE8780F7}.Ad-Hoc|iPhoneSimulator.Deploy.0 = Release|Any CPU
		{B8169620-8741-481E-8244-6848AE8780F7}.Ad-Hoc|x86.ActiveCfg = Release|Any CPU
		{B8169620-8741-481E-8244-6848AE8780F7}.Ad-Hoc|x86.Build.0 = Release|Any CPU
		{B8169620-8741-481E-8244-6848AE8780F7}.Ad-Hoc|x86.Deploy.0 = Release|Any CPU
		{B8169620-8741-481E-8244-6848AE8780F7}.AppStore|Any CPU.ActiveCfg = Release|Any CPU
		{B8169620-8741-481E-8244-6848AE8780F7}.AppStore|Any CPU.Build.0 = Release|Any CPU
		{B8169620-8741-481E-8244-6848AE8780F7}.AppStore|Any CPU.Deploy.0 = Release|Any CPU
		{B8169620-8741-481E-8244-6848AE8780F7}.AppStore|ARM.ActiveCfg = Release|Any CPU
		{B8169620-8741-481E-8244-6848AE8780F7}.AppStore|ARM.Build.0 = Release|Any CPU
		{B8169620-8741-481E-8244-6848AE8780F7}.AppStore|ARM.Deploy.0 = Release|Any CPU
		{B8169620-8741-481E-8244-6848AE8780F7}.AppStore|iPhone.ActiveCfg = Release|Any CPU
		{B8169620-8741-481E-8244-6848AE8780F7}.AppStore|iPhone.Build.0 = Release|Any CPU
		{B8169620-8741-481E-8244-6848AE8780F7}.AppStore|iPhone.Deploy.0 = Release|Any CPU
		{B8169620-8741-481E-8244-6848AE8780F7}.AppStore|iPhoneSimulator.ActiveCfg = Release|Any CPU
		{B8169620-8741-481E-8244-6848AE8780F7}.AppStore|iPhoneSimulator.Build.0 = Release|Any CPU
		{B8169620-8741-481E-8244-6848AE8780F7}.AppStore|iPhoneSimulator.Deploy.0 = Release|Any CPU
		{B8169620-8741-481E-8244-6848AE8780F7}.AppStore|x86.ActiveCfg = Release|Any CPU
		{B8169620-8741-481E-8244-6848AE8780F7}.AppStore|x86.Build.0 = Release|Any CPU
		{B8169620-8741-481E-8244-6848AE8780F7}.AppStore|x86.Deploy.0 = Release|Any CPU
		{B8169620-8741-481E-8244-6848AE8780F7}.Debug|Any CPU.ActiveCfg = Debug|Any CPU
		{B8169620-8741-481E-8244-6848AE8780F7}.Debug|Any CPU.Build.0 = Debug|Any CPU
		{B8169620-8741-481E-8244-6848AE8780F7}.Debug|Any CPU.Deploy.0 = Debug|Any CPU
		{B8169620-8741-481E-8244-6848AE8780F7}.Debug|ARM.ActiveCfg = Debug|Any CPU
		{B8169620-8741-481E-8244-6848AE8780F7}.Debug|ARM.Build.0 = Debug|Any CPU
		{B8169620-8741-481E-8244-6848AE8780F7}.Debug|ARM.Deploy.0 = Debug|Any CPU
		{B8169620-8741-481E-8244-6848AE8780F7}.Debug|iPhone.ActiveCfg = Debug|Any CPU
		{B8169620-8741-481E-8244-6848AE8780F7}.Debug|iPhone.Build.0 = Debug|Any CPU
		{B8169620-8741-481E-8244-6848AE8780F7}.Debug|iPhone.Deploy.0 = Debug|Any CPU
		{B8169620-8741-481E-8244-6848AE8780F7}.Debug|iPhoneSimulator.ActiveCfg = Debug|Any CPU
		{B8169620-8741-481E-8244-6848AE8780F7}.Debug|iPhoneSimulator.Build.0 = Debug|Any CPU
		{B8169620-8741-481E-8244-6848AE8780F7}.Debug|iPhoneSimulator.Deploy.0 = Debug|Any CPU
		{B8169620-8741-481E-8244-6848AE8780F7}.Debug|x86.ActiveCfg = Debug|Any CPU
		{B8169620-8741-481E-8244-6848AE8780F7}.Debug|x86.Build.0 = Debug|Any CPU
		{B8169620-8741-481E-8244-6848AE8780F7}.Debug|x86.Deploy.0 = Debug|Any CPU
		{B8169620-8741-481E-8244-6848AE8780F7}.Release|Any CPU.ActiveCfg = Release|Any CPU
		{B8169620-8741-481E-8244-6848AE8780F7}.Release|Any CPU.Build.0 = Release|Any CPU
		{B8169620-8741-481E-8244-6848AE8780F7}.Release|Any CPU.Deploy.0 = Release|Any CPU
		{B8169620-8741-481E-8244-6848AE8780F7}.Release|ARM.ActiveCfg = Release|Any CPU
		{B8169620-8741-481E-8244-6848AE8780F7}.Release|ARM.Build.0 = Release|Any CPU
		{B8169620-8741-481E-8244-6848AE8780F7}.Release|ARM.Deploy.0 = Release|Any CPU
		{B8169620-8741-481E-8244-6848AE8780F7}.Release|iPhone.ActiveCfg = Release|Any CPU
		{B8169620-8741-481E-8244-6848AE8780F7}.Release|iPhone.Build.0 = Release|Any CPU
		{B8169620-8741-481E-8244-6848AE8780F7}.Release|iPhone.Deploy.0 = Release|Any CPU
		{B8169620-8741-481E-8244-6848AE8780F7}.Release|iPhoneSimulator.ActiveCfg = Release|Any CPU
		{B8169620-8741-481E-8244-6848AE8780F7}.Release|iPhoneSimulator.Build.0 = Release|Any CPU
		{B8169620-8741-481E-8244-6848AE8780F7}.Release|iPhoneSimulator.Deploy.0 = Release|Any CPU
		{B8169620-8741-481E-8244-6848AE8780F7}.Release|x86.ActiveCfg = Release|Any CPU
		{B8169620-8741-481E-8244-6848AE8780F7}.Release|x86.Build.0 = Release|Any CPU
		{B8169620-8741-481E-8244-6848AE8780F7}.Release|x86.Deploy.0 = Release|Any CPU
		{0812FE0D-6575-45C3-A1FC-0C9E2F018E0A}.Ad-Hoc|Any CPU.ActiveCfg = Ad-Hoc|iPhone
		{0812FE0D-6575-45C3-A1FC-0C9E2F018E0A}.Ad-Hoc|ARM.ActiveCfg = Ad-Hoc|iPhone
		{0812FE0D-6575-45C3-A1FC-0C9E2F018E0A}.Ad-Hoc|iPhone.ActiveCfg = Ad-Hoc|iPhone
		{0812FE0D-6575-45C3-A1FC-0C9E2F018E0A}.Ad-Hoc|iPhone.Build.0 = Ad-Hoc|iPhone
		{0812FE0D-6575-45C3-A1FC-0C9E2F018E0A}.Ad-Hoc|iPhoneSimulator.ActiveCfg = Ad-Hoc|iPhoneSimulator
		{0812FE0D-6575-45C3-A1FC-0C9E2F018E0A}.Ad-Hoc|iPhoneSimulator.Build.0 = Ad-Hoc|iPhoneSimulator
		{0812FE0D-6575-45C3-A1FC-0C9E2F018E0A}.Ad-Hoc|x86.ActiveCfg = Ad-Hoc|iPhone
		{0812FE0D-6575-45C3-A1FC-0C9E2F018E0A}.AppStore|Any CPU.ActiveCfg = AppStore|iPhone
		{0812FE0D-6575-45C3-A1FC-0C9E2F018E0A}.AppStore|ARM.ActiveCfg = AppStore|iPhone
		{0812FE0D-6575-45C3-A1FC-0C9E2F018E0A}.AppStore|iPhone.ActiveCfg = AppStore|iPhone
		{0812FE0D-6575-45C3-A1FC-0C9E2F018E0A}.AppStore|iPhone.Build.0 = AppStore|iPhone
		{0812FE0D-6575-45C3-A1FC-0C9E2F018E0A}.AppStore|iPhoneSimulator.ActiveCfg = AppStore|iPhoneSimulator
		{0812FE0D-6575-45C3-A1FC-0C9E2F018E0A}.AppStore|iPhoneSimulator.Build.0 = AppStore|iPhoneSimulator
		{0812FE0D-6575-45C3-A1FC-0C9E2F018E0A}.AppStore|x86.ActiveCfg = AppStore|iPhone
		{0812FE0D-6575-45C3-A1FC-0C9E2F018E0A}.Debug|Any CPU.ActiveCfg = Debug|iPhone
		{0812FE0D-6575-45C3-A1FC-0C9E2F018E0A}.Debug|ARM.ActiveCfg = Debug|iPhone
		{0812FE0D-6575-45C3-A1FC-0C9E2F018E0A}.Debug|iPhone.ActiveCfg = Debug|iPhone
		{0812FE0D-6575-45C3-A1FC-0C9E2F018E0A}.Debug|iPhone.Build.0 = Debug|iPhone
		{0812FE0D-6575-45C3-A1FC-0C9E2F018E0A}.Debug|iPhoneSimulator.ActiveCfg = Debug|iPhoneSimulator
		{0812FE0D-6575-45C3-A1FC-0C9E2F018E0A}.Debug|iPhoneSimulator.Build.0 = Debug|iPhoneSimulator
		{0812FE0D-6575-45C3-A1FC-0C9E2F018E0A}.Debug|x86.ActiveCfg = Debug|iPhone
		{0812FE0D-6575-45C3-A1FC-0C9E2F018E0A}.Release|Any CPU.ActiveCfg = Release|iPhone
		{0812FE0D-6575-45C3-A1FC-0C9E2F018E0A}.Release|ARM.ActiveCfg = Release|iPhone
		{0812FE0D-6575-45C3-A1FC-0C9E2F018E0A}.Release|iPhone.ActiveCfg = Release|iPhone
		{0812FE0D-6575-45C3-A1FC-0C9E2F018E0A}.Release|iPhone.Build.0 = Release|iPhone
		{0812FE0D-6575-45C3-A1FC-0C9E2F018E0A}.Release|iPhoneSimulator.ActiveCfg = Release|iPhoneSimulator
		{0812FE0D-6575-45C3-A1FC-0C9E2F018E0A}.Release|iPhoneSimulator.Build.0 = Release|iPhoneSimulator
		{0812FE0D-6575-45C3-A1FC-0C9E2F018E0A}.Release|x86.ActiveCfg = Release|iPhone
		{339C077C-5520-43D8-8D0C-72A677738D24}.Ad-Hoc|Any CPU.ActiveCfg = Release|Any CPU
		{339C077C-5520-43D8-8D0C-72A677738D24}.Ad-Hoc|Any CPU.Build.0 = Release|Any CPU
		{339C077C-5520-43D8-8D0C-72A677738D24}.Ad-Hoc|Any CPU.Deploy.0 = Release|Any CPU
		{339C077C-5520-43D8-8D0C-72A677738D24}.Ad-Hoc|ARM.ActiveCfg = Release|ARM
		{339C077C-5520-43D8-8D0C-72A677738D24}.Ad-Hoc|ARM.Build.0 = Release|ARM
		{339C077C-5520-43D8-8D0C-72A677738D24}.Ad-Hoc|ARM.Deploy.0 = Release|ARM
		{339C077C-5520-43D8-8D0C-72A677738D24}.Ad-Hoc|iPhone.ActiveCfg = Release|Any CPU
		{339C077C-5520-43D8-8D0C-72A677738D24}.Ad-Hoc|iPhone.Build.0 = Release|Any CPU
		{339C077C-5520-43D8-8D0C-72A677738D24}.Ad-Hoc|iPhone.Deploy.0 = Release|Any CPU
		{339C077C-5520-43D8-8D0C-72A677738D24}.Ad-Hoc|iPhoneSimulator.ActiveCfg = Release|Any CPU
		{339C077C-5520-43D8-8D0C-72A677738D24}.Ad-Hoc|iPhoneSimulator.Build.0 = Release|Any CPU
		{339C077C-5520-43D8-8D0C-72A677738D24}.Ad-Hoc|iPhoneSimulator.Deploy.0 = Release|Any CPU
		{339C077C-5520-43D8-8D0C-72A677738D24}.Ad-Hoc|x86.ActiveCfg = Release|x86
		{339C077C-5520-43D8-8D0C-72A677738D24}.Ad-Hoc|x86.Build.0 = Release|x86
		{339C077C-5520-43D8-8D0C-72A677738D24}.Ad-Hoc|x86.Deploy.0 = Release|x86
		{339C077C-5520-43D8-8D0C-72A677738D24}.AppStore|Any CPU.ActiveCfg = Release|Any CPU
		{339C077C-5520-43D8-8D0C-72A677738D24}.AppStore|Any CPU.Build.0 = Release|Any CPU
		{339C077C-5520-43D8-8D0C-72A677738D24}.AppStore|Any CPU.Deploy.0 = Release|Any CPU
		{339C077C-5520-43D8-8D0C-72A677738D24}.AppStore|ARM.ActiveCfg = Release|ARM
		{339C077C-5520-43D8-8D0C-72A677738D24}.AppStore|ARM.Build.0 = Release|ARM
		{339C077C-5520-43D8-8D0C-72A677738D24}.AppStore|ARM.Deploy.0 = Release|ARM
		{339C077C-5520-43D8-8D0C-72A677738D24}.AppStore|iPhone.ActiveCfg = Release|Any CPU
		{339C077C-5520-43D8-8D0C-72A677738D24}.AppStore|iPhone.Build.0 = Release|Any CPU
		{339C077C-5520-43D8-8D0C-72A677738D24}.AppStore|iPhone.Deploy.0 = Release|Any CPU
		{339C077C-5520-43D8-8D0C-72A677738D24}.AppStore|iPhoneSimulator.ActiveCfg = Release|Any CPU
		{339C077C-5520-43D8-8D0C-72A677738D24}.AppStore|iPhoneSimulator.Build.0 = Release|Any CPU
		{339C077C-5520-43D8-8D0C-72A677738D24}.AppStore|iPhoneSimulator.Deploy.0 = Release|Any CPU
		{339C077C-5520-43D8-8D0C-72A677738D24}.AppStore|x86.ActiveCfg = Release|x86
		{339C077C-5520-43D8-8D0C-72A677738D24}.AppStore|x86.Build.0 = Release|x86
		{339C077C-5520-43D8-8D0C-72A677738D24}.AppStore|x86.Deploy.0 = Release|x86
		{339C077C-5520-43D8-8D0C-72A677738D24}.Debug|Any CPU.ActiveCfg = Debug|Any CPU
		{339C077C-5520-43D8-8D0C-72A677738D24}.Debug|Any CPU.Build.0 = Debug|Any CPU
		{339C077C-5520-43D8-8D0C-72A677738D24}.Debug|Any CPU.Deploy.0 = Debug|Any CPU
		{339C077C-5520-43D8-8D0C-72A677738D24}.Debug|ARM.ActiveCfg = Debug|ARM
		{339C077C-5520-43D8-8D0C-72A677738D24}.Debug|ARM.Build.0 = Debug|ARM
		{339C077C-5520-43D8-8D0C-72A677738D24}.Debug|ARM.Deploy.0 = Debug|ARM
		{339C077C-5520-43D8-8D0C-72A677738D24}.Debug|iPhone.ActiveCfg = Debug|Any CPU
		{339C077C-5520-43D8-8D0C-72A677738D24}.Debug|iPhone.Build.0 = Debug|Any CPU
		{339C077C-5520-43D8-8D0C-72A677738D24}.Debug|iPhone.Deploy.0 = Debug|Any CPU
		{339C077C-5520-43D8-8D0C-72A677738D24}.Debug|iPhoneSimulator.ActiveCfg = Debug|Any CPU
		{339C077C-5520-43D8-8D0C-72A677738D24}.Debug|iPhoneSimulator.Build.0 = Debug|Any CPU
		{339C077C-5520-43D8-8D0C-72A677738D24}.Debug|iPhoneSimulator.Deploy.0 = Debug|Any CPU
		{339C077C-5520-43D8-8D0C-72A677738D24}.Debug|x86.ActiveCfg = Debug|x86
		{339C077C-5520-43D8-8D0C-72A677738D24}.Debug|x86.Build.0 = Debug|x86
		{339C077C-5520-43D8-8D0C-72A677738D24}.Debug|x86.Deploy.0 = Debug|x86
		{339C077C-5520-43D8-8D0C-72A677738D24}.Release|Any CPU.ActiveCfg = Release|Any CPU
		{339C077C-5520-43D8-8D0C-72A677738D24}.Release|Any CPU.Build.0 = Release|Any CPU
		{339C077C-5520-43D8-8D0C-72A677738D24}.Release|Any CPU.Deploy.0 = Release|Any CPU
		{339C077C-5520-43D8-8D0C-72A677738D24}.Release|ARM.ActiveCfg = Release|ARM
		{339C077C-5520-43D8-8D0C-72A677738D24}.Release|ARM.Build.0 = Release|ARM
		{339C077C-5520-43D8-8D0C-72A677738D24}.Release|ARM.Deploy.0 = Release|ARM
		{339C077C-5520-43D8-8D0C-72A677738D24}.Release|iPhone.ActiveCfg = Release|Any CPU
		{339C077C-5520-43D8-8D0C-72A677738D24}.Release|iPhone.Build.0 = Release|Any CPU
		{339C077C-5520-43D8-8D0C-72A677738D24}.Release|iPhone.Deploy.0 = Release|Any CPU
		{339C077C-5520-43D8-8D0C-72A677738D24}.Release|iPhoneSimulator.ActiveCfg = Release|Any CPU
		{339C077C-5520-43D8-8D0C-72A677738D24}.Release|iPhoneSimulator.Build.0 = Release|Any CPU
		{339C077C-5520-43D8-8D0C-72A677738D24}.Release|iPhoneSimulator.Deploy.0 = Release|Any CPU
		{339C077C-5520-43D8-8D0C-72A677738D24}.Release|x86.ActiveCfg = Release|x86
		{339C077C-5520-43D8-8D0C-72A677738D24}.Release|x86.Build.0 = Release|x86
		{339C077C-5520-43D8-8D0C-72A677738D24}.Release|x86.Deploy.0 = Release|x86
		{4998A828-2FEC-4D26-91D6-A7737F90EDA7}.Ad-Hoc|Any CPU.ActiveCfg = Release|Any CPU
		{4998A828-2FEC-4D26-91D6-A7737F90EDA7}.Ad-Hoc|Any CPU.Build.0 = Release|Any CPU
		{4998A828-2FEC-4D26-91D6-A7737F90EDA7}.Ad-Hoc|ARM.ActiveCfg = Release|Any CPU
		{4998A828-2FEC-4D26-91D6-A7737F90EDA7}.Ad-Hoc|ARM.Build.0 = Release|Any CPU
		{4998A828-2FEC-4D26-91D6-A7737F90EDA7}.Ad-Hoc|iPhone.ActiveCfg = Release|Any CPU
		{4998A828-2FEC-4D26-91D6-A7737F90EDA7}.Ad-Hoc|iPhone.Build.0 = Release|Any CPU
		{4998A828-2FEC-4D26-91D6-A7737F90EDA7}.Ad-Hoc|iPhoneSimulator.ActiveCfg = Release|Any CPU
		{4998A828-2FEC-4D26-91D6-A7737F90EDA7}.Ad-Hoc|iPhoneSimulator.Build.0 = Release|Any CPU
		{4998A828-2FEC-4D26-91D6-A7737F90EDA7}.Ad-Hoc|x86.ActiveCfg = Release|Any CPU
		{4998A828-2FEC-4D26-91D6-A7737F90EDA7}.Ad-Hoc|x86.Build.0 = Release|Any CPU
		{4998A828-2FEC-4D26-91D6-A7737F90EDA7}.AppStore|Any CPU.ActiveCfg = Release|Any CPU
		{4998A828-2FEC-4D26-91D6-A7737F90EDA7}.AppStore|Any CPU.Build.0 = Release|Any CPU
		{4998A828-2FEC-4D26-91D6-A7737F90EDA7}.AppStore|ARM.ActiveCfg = Release|Any CPU
		{4998A828-2FEC-4D26-91D6-A7737F90EDA7}.AppStore|ARM.Build.0 = Release|Any CPU
		{4998A828-2FEC-4D26-91D6-A7737F90EDA7}.AppStore|iPhone.ActiveCfg = Release|Any CPU
		{4998A828-2FEC-4D26-91D6-A7737F90EDA7}.AppStore|iPhone.Build.0 = Release|Any CPU
		{4998A828-2FEC-4D26-91D6-A7737F90EDA7}.AppStore|iPhoneSimulator.ActiveCfg = Release|Any CPU
		{4998A828-2FEC-4D26-91D6-A7737F90EDA7}.AppStore|iPhoneSimulator.Build.0 = Release|Any CPU
		{4998A828-2FEC-4D26-91D6-A7737F90EDA7}.AppStore|x86.ActiveCfg = Release|Any CPU
		{4998A828-2FEC-4D26-91D6-A7737F90EDA7}.AppStore|x86.Build.0 = Release|Any CPU
		{4998A828-2FEC-4D26-91D6-A7737F90EDA7}.Debug|Any CPU.ActiveCfg = Debug|Any CPU
		{4998A828-2FEC-4D26-91D6-A7737F90EDA7}.Debug|Any CPU.Build.0 = Debug|Any CPU
		{4998A828-2FEC-4D26-91D6-A7737F90EDA7}.Debug|ARM.ActiveCfg = Debug|Any CPU
		{4998A828-2FEC-4D26-91D6-A7737F90EDA7}.Debug|ARM.Build.0 = Debug|Any CPU
		{4998A828-2FEC-4D26-91D6-A7737F90EDA7}.Debug|iPhone.ActiveCfg = Debug|Any CPU
		{4998A828-2FEC-4D26-91D6-A7737F90EDA7}.Debug|iPhone.Build.0 = Debug|Any CPU
		{4998A828-2FEC-4D26-91D6-A7737F90EDA7}.Debug|iPhoneSimulator.ActiveCfg = Debug|Any CPU
		{4998A828-2FEC-4D26-91D6-A7737F90EDA7}.Debug|iPhoneSimulator.Build.0 = Debug|Any CPU
		{4998A828-2FEC-4D26-91D6-A7737F90EDA7}.Debug|x86.ActiveCfg = Debug|Any CPU
		{4998A828-2FEC-4D26-91D6-A7737F90EDA7}.Debug|x86.Build.0 = Debug|Any CPU
		{4998A828-2FEC-4D26-91D6-A7737F90EDA7}.Release|Any CPU.ActiveCfg = Release|Any CPU
		{4998A828-2FEC-4D26-91D6-A7737F90EDA7}.Release|Any CPU.Build.0 = Release|Any CPU
		{4998A828-2FEC-4D26-91D6-A7737F90EDA7}.Release|ARM.ActiveCfg = Release|Any CPU
		{4998A828-2FEC-4D26-91D6-A7737F90EDA7}.Release|ARM.Build.0 = Release|Any CPU
		{4998A828-2FEC-4D26-91D6-A7737F90EDA7}.Release|iPhone.ActiveCfg = Release|Any CPU
		{4998A828-2FEC-4D26-91D6-A7737F90EDA7}.Release|iPhone.Build.0 = Release|Any CPU
		{4998A828-2FEC-4D26-91D6-A7737F90EDA7}.Release|iPhoneSimulator.ActiveCfg = Release|Any CPU
		{4998A828-2FEC-4D26-91D6-A7737F90EDA7}.Release|iPhoneSimulator.Build.0 = Release|Any CPU
		{4998A828-2FEC-4D26-91D6-A7737F90EDA7}.Release|x86.ActiveCfg = Release|Any CPU
		{4998A828-2FEC-4D26-91D6-A7737F90EDA7}.Release|x86.Build.0 = Release|Any CPU
	EndGlobalSection
	GlobalSection(SolutionProperties) = preSolution
		HideSolutionNode = FALSE
	EndGlobalSection
EndGlobal
